# This file is autogenerated, do not edit; changes may be undone by the next 'dep ensure'.


[[projects]]
  branch = "develop"
  digest = "1:9046a503999f28d21b76210f7069ada1f4dc2be92f634db722826b92496d90fb"
  name = "github.com/bwmarrin/discordgo"
  packages = ["."]
  pruneopts = "UT"
  revision = "11ffb200c7539bacd23c92ab0dc3b8ec128040aa"
  source = "github.com/xdimgg/discordgo"

[[projects]]
  digest = "1:fed1f537c2f1269fe475a8556c393fe466641682d73ef8fd0491cd3aa1e47bad"
  name = "github.com/certifi/gocertifi"
  packages = ["."]
  pruneopts = "UT"
  revision = "deb3ae2ef2610fde3330947281941c562861188b"
  version = "2018.01.18"

[[projects]]
  branch = "master"
  digest = "1:608d0fe1621755354728fbaeef8ada8b4a33001aec88b66c970e641be950d850"
  name = "github.com/getsentry/raven-go"
  packages = ["."]
  pruneopts = "UT"
  revision = "7535a8fa2ace0ffb684b19f28d00655459ea2dae"

[[projects]]
  digest = "1:5b14f08247db438a2d11b77aff373b6536028673e38eab87fb5062e07b3b7487"
  name = "github.com/go-pg/pg"
  packages = [
    ".",
    "internal",
    "internal/parser",
    "internal/pool",
    "orm",
    "types",
  ]
  pruneopts = "UT"
  revision = "c0368cd6ee62269f0a5c3d6c9c02c6d192760bc6"
  version = "v6.14.3"

[[projects]]
  digest = "1:991bb96360eb8db70a40e9c496769fe6a7bbac4047f8376494d9837397078327"
  name = "github.com/go-redis/redis"
  packages = [
    ".",
    "internal",
    "internal/consistenthash",
    "internal/hashtag",
    "internal/pool",
    "internal/proto",
    "internal/singleflight",
    "internal/util",
  ]
  pruneopts = "UT"
  revision = "480db94d33e6088e08d628833b6c0705451d24bb"
  version = "v6.13.2"

[[projects]]
  digest = "1:cee8e8ac80df6373e7daa11baf1f98c1b6f7242c49ccae7e1ec34a971dc408d9"
  name = "github.com/gorilla/websocket"
  packages = ["."]
  pruneopts = "UT"
  revision = "3ff3320c2a1756a3691521efc290b4701575147c"
  version = "v1.3.0"

[[projects]]
  branch = "master"
  digest = "1:fd97437fbb6b7dce04132cf06775bd258cce305c44add58eb55ca86c6c325160"
  name = "github.com/jinzhu/inflection"
  packages = ["."]
  pruneopts = "UT"
  revision = "04140366298a54a039076d798123ffa108fff46c"

[[projects]]
  branch = "master"
  digest = "1:eecf61f92de3371592dc7b74ad421cdade60189c807f487a989b45f9fd35febe"
  name = "github.com/jonas747/dshardmanager"
  packages = ["."]
  pruneopts = "UT"
  revision = "fcc4559ea1f3ab926126de92f6fdf58945b9c4c5"

[[projects]]
  digest = "1:40e195917a951a8bf867cd05de2a46aaf1806c50cf92eebf4c16f78cd196f747"
  name = "github.com/pkg/errors"
  packages = ["."]
  pruneopts = "UT"
  revision = "645ef00459ed84a119197bfb8d8205042c6df63d"
  version = "v0.8.0"

[[projects]]
  branch = "master"
  digest = "1:a68068595227881a09dd5961976ddf705c8eea822dcd1c7b57bbb0067335ad32"
  name = "golang.org/x/crypto"
  packages = [
    "internal/subtle",
    "nacl/secretbox",
    "poly1305",
    "salsa20/salsa",
  ]
  pruneopts = "UT"
  revision = "614d502a4dac94afa3a6ce146bd1736da82514c6"

[solve-meta]
  analyzer-name = "dep"
  analyzer-version = 1
  input-imports = [
    "github.com/bwmarrin/discordgo",
    "github.com/getsentry/raven-go",
    "github.com/go-pg/pg",
    "github.com/go-pg/pg/orm",
    "github.com/go-redis/redis",
    "github.com/jinzhu/inflection",
    "github.com/jonas747/dshardmanager",
  ]
  solver-name = "gps-cdcl"
  solver-version = 1
